
Microsoft Visual Studio Solution File, Format Version 12.00
# Visual Studio Version 17
VisualStudioVersion = 17.8.34219.65
MinimumVisualStudioVersion = 10.0.40219.1
Project("{9A19103F-16F7-4668-BE54-9A1E7A4F7556}") = "AspPerformanceTest", "AspPerformanceTest\AspPerformanceTest.csproj", "{A5B455B4-7BF3-4605-94B5-925F53022C5B}"
EndProject
Project("{FAE04EC0-301F-11D3-BF4B-00C04F79EFBC}") = "HttpListenerTest", "HttpListenerTest\HttpListenerTest.csproj", "{C931B711-9484-49FA-9566-2AEFBE53B1A6}"
EndProject
Global
	GlobalSection(SolutionConfigurationPlatforms) = preSolution
		Debug|Any CPU = Debug|Any CPU
		Release|Any CPU = Release|Any CPU
	EndGlobalSection
	GlobalSection(ProjectConfigurationPlatforms) = postSolution
		{A5B455B4-7BF3-4605-94B5-925F53022C5B}.Debug|Any CPU.ActiveCfg = Debug|Any CPU
		{A5B455B4-7BF3-4605-94B5-925F53022C5B}.Debug|Any CPU.Build.0 = Debug|Any CPU
		{A5B455B4-7BF3-4605-94B5-925F53022C5B}.Release|Any CPU.ActiveCfg = Release|Any CPU
		{A5B455B4-7BF3-4605-94B5-925F53022C5B}.Release|Any CPU.Build.0 = Release|Any CPU
		{C931B711-9484-49FA-9566-2AEFBE53B1A6}.Debug|Any CPU.ActiveCfg = Debug|Any CPU
		{C931B711-9484-49FA-9566-2AEFBE53B1A6}.Debug|Any CPU.Build.0 = Debug|Any CPU
		{C931B711-9484-49FA-9566-2AEFBE53B1A6}.Release|Any CPU.ActiveCfg = Release|Any CPU
		{C931B711-9484-49FA-9566-2AEFBE53B1A6}.Release|Any CPU.Build.0 = Release|Any CPU
	EndGlobalSection
	GlobalSection(SolutionProperties) = preSolution
		HideSolutionNode = FALSE
	EndGlobalSection
	GlobalSection(ExtensibilityGlobals) = postSolution
		SolutionGuid = {8F48D460-C6A5-4865-95B5-ACAC51D89A30}
	EndGlobalSection
EndGlobal
